{
    "version": 3,
    "terraform_version": "0.7.4",
    "serial": 10,
    "lineage": "5a521b0d-75d8-45fb-a110-4f718d18c518",
    "modules": [
        {
            "path": [
                "root"
            ],
            "outputs": {},
            "resources": {},
            "depends_on": []
        },
        {
            "path": [
                "root",
                "asg"
            ],
            "outputs": {},
            "resources": {
                "aws_elb.atlassian-elb": {
                    "type": "aws_elb",
                    "depends_on": [],
                    "primary": {
                        "id": "atlassian-frontend-lb",
                        "attributes": {
                            "access_logs.#": "0",
                            "availability_zones.#": "3",
                            "availability_zones.1924028850": "eu-west-1b",
                            "availability_zones.3953592328": "eu-west-1a",
                            "availability_zones.94988580": "eu-west-1c",
                            "connection_draining": "false",
                            "connection_draining_timeout": "300",
                            "cross_zone_load_balancing": "true",
                            "dns_name": "atlassian-frontend-lb-1335844237.eu-west-1.elb.amazonaws.com",
                            "health_check.#": "1",
                            "health_check.0.healthy_threshold": "2",
                            "health_check.0.interval": "30",
                            "health_check.0.target": "HTTP:80/",
                            "health_check.0.timeout": "3",
                            "health_check.0.unhealthy_threshold": "2",
                            "id": "atlassian-frontend-lb",
                            "idle_timeout": "60",
                            "instances.#": "0",
                            "internal": "false",
                            "listener.#": "1",
                            "listener.62192168.instance_port": "22",
                            "listener.62192168.instance_protocol": "http",
                            "listener.62192168.lb_port": "80",
                            "listener.62192168.lb_protocol": "http",
                            "listener.62192168.ssl_certificate_id": "",
                            "name": "atlassian-frontend-lb",
                            "security_groups.#": "1",
                            "security_groups.1551202354": "sg-c915c0af",
                            "source_security_group": "702440161528/default_elb_654d2f34-d2e1-3e65-a2b2-048f032633b0",
                            "source_security_group_id": "sg-c915c0af",
                            "subnets.#": "3",
                            "subnets.1080284788": "subnet-6794233e",
                            "subnets.37484030": "subnet-da0570bf",
                            "subnets.761465637": "subnet-4729bb30",
                            "tags.%": "0",
                            "zone_id": "Z32O12XQLNTSW2"
                        },
                        "meta": {},
                        "tainted": false
                    },
                    "deposed": [],
                    "provider": ""
                }
            },
            "depends_on": []
        },
        {
            "path": [
                "root",
                "instances"
            ],
            "outputs": {
                "atlassian_private_host_zoneA_id": {
                    "sensitive": false,
                    "type": "string",
                    "value": "i-17189b9c"
                },
                "atlassian_public_host_zoneA_id": {
                    "sensitive": false,
                    "type": "string",
                    "value": "i-bc1f9c37"
                }
            },
            "resources": {
                "aws_instance.atlassian_private_host_zoneA": {
                    "type": "aws_instance",
                    "depends_on": [],
                    "primary": {
                        "id": "i-17189b9c",
                        "attributes": {
                            "ami": "ami-06a9e075",
                            "availability_zone": "eu-west-1a",
                            "disable_api_termination": "false",
                            "ebs_block_device.#": "0",
                            "ebs_optimized": "false",
                            "ephemeral_block_device.#": "0",
                            "iam_instance_profile": "",
                            "id": "i-17189b9c",
                            "instance_state": "running",
                            "instance_type": "m3.medium",
                            "key_name": "phooper-aws",
                            "monitoring": "false",
                            "network_interface_id": "eni-ae0f51d4",
                            "private_dns": "ip-10-0-4-133.eu-west-1.compute.internal",
                            "private_ip": "10.0.4.133",
                            "public_dns": "",
                            "public_ip": "",
                            "root_block_device.#": "1",
                            "root_block_device.0.delete_on_termination": "true",
                            "root_block_device.0.iops": "100",
                            "root_block_device.0.volume_size": "30",
                            "root_block_device.0.volume_type": "gp2",
                            "security_groups.#": "0",
                            "source_dest_check": "true",
                            "subnet_id": "subnet-0285c566",
                            "tags.%": "1",
                            "tags.Name": "atlassian_private_host_zoneA",
                            "tenancy": "default",
                            "vpc_security_group_ids.#": "1",
                            "vpc_security_group_ids.768554468": "sg-6b15c00d"
                        },
                        "meta": {
                            "schema_version": "1"
                        },
                        "tainted": false
                    },
                    "deposed": [],
                    "provider": ""
                },
                "aws_instance.atlassian_public_host_zoneA": {
                    "type": "aws_instance",
                    "depends_on": [],
                    "primary": {
                        "id": "i-bc1f9c37",
                        "attributes": {
                            "ami": "ami-06a9e075",
                            "associate_public_ip_address": "true",
                            "availability_zone": "eu-west-1a",
                            "disable_api_termination": "false",
                            "ebs_block_device.#": "0",
                            "ebs_optimized": "false",
                            "ephemeral_block_device.#": "0",
                            "iam_instance_profile": "",
                            "id": "i-bc1f9c37",
                            "instance_state": "running",
                            "instance_type": "m3.medium",
                            "key_name": "phooper-aws",
                            "monitoring": "false",
                            "network_interface_id": "eni-6c0d5316",
                            "private_dns": "ip-10-0-1-218.eu-west-1.compute.internal",
                            "private_ip": "10.0.1.218",
                            "public_dns": "ec2-54-229-105-40.eu-west-1.compute.amazonaws.com",
                            "public_ip": "54.229.105.40",
                            "root_block_device.#": "1",
                            "root_block_device.0.delete_on_termination": "true",
                            "root_block_device.0.iops": "100",
                            "root_block_device.0.volume_size": "30",
                            "root_block_device.0.volume_type": "gp2",
                            "security_groups.#": "0",
                            "source_dest_check": "true",
                            "subnet_id": "subnet-0185c565",
                            "tags.%": "1",
                            "tags.Name": "atlassian_public_host_zoneA",
                            "tenancy": "default",
                            "vpc_security_group_ids.#": "1",
                            "vpc_security_group_ids.2809964011": "sg-6d15c00b"
                        },
                        "meta": {
                            "schema_version": "1"
                        },
                        "tainted": false
                    },
                    "deposed": [],
                    "provider": ""
                }
            },
            "depends_on": []
        },
        {
            "path": [
                "root",
                "security_groups"
            ],
            "outputs": {
                "priSecGroupAtlassianId": {
                    "sensitive": false,
                    "type": "string",
                    "value": "sg-6b15c00d"
                },
                "pubSecGroupAtlassianId": {
                    "sensitive": false,
                    "type": "string",
                    "value": "sg-6d15c00b"
                }
            },
            "resources": {
                "aws_security_group.priSecGroupAtlassian": {
                    "type": "aws_security_group",
                    "depends_on": [
                        "aws_security_group.pubSecGroupAtlassian"
                    ],
                    "primary": {
                        "id": "sg-6b15c00d",
                        "attributes": {
                            "description": "priSecGroupAtlassian",
                            "egress.#": "1",
                            "egress.3200967825.cidr_blocks.#": "0",
                            "egress.3200967825.from_port": "0",
                            "egress.3200967825.prefix_list_ids.#": "0",
                            "egress.3200967825.protocol": "-1",
                            "egress.3200967825.security_groups.#": "1",
                            "egress.3200967825.security_groups.2809964011": "sg-6d15c00b",
                            "egress.3200967825.self": "false",
                            "egress.3200967825.to_port": "0",
                            "id": "sg-6b15c00d",
                            "ingress.#": "4",
                            "ingress.1260061666.cidr_blocks.#": "0",
                            "ingress.1260061666.from_port": "80",
                            "ingress.1260061666.protocol": "tcp",
                            "ingress.1260061666.security_groups.#": "1",
                            "ingress.1260061666.security_groups.2809964011": "sg-6d15c00b",
                            "ingress.1260061666.self": "false",
                            "ingress.1260061666.to_port": "80",
                            "ingress.3930829903.cidr_blocks.#": "0",
                            "ingress.3930829903.from_port": "8080",
                            "ingress.3930829903.protocol": "tcp",
                            "ingress.3930829903.security_groups.#": "1",
                            "ingress.3930829903.security_groups.2809964011": "sg-6d15c00b",
                            "ingress.3930829903.self": "false",
                            "ingress.3930829903.to_port": "8080",
                            "ingress.4254162519.cidr_blocks.#": "0",
                            "ingress.4254162519.from_port": "22",
                            "ingress.4254162519.protocol": "tcp",
                            "ingress.4254162519.security_groups.#": "1",
                            "ingress.4254162519.security_groups.2809964011": "sg-6d15c00b",
                            "ingress.4254162519.self": "false",
                            "ingress.4254162519.to_port": "22",
                            "ingress.964595258.cidr_blocks.#": "0",
                            "ingress.964595258.from_port": "9000",
                            "ingress.964595258.protocol": "tcp",
                            "ingress.964595258.security_groups.#": "1",
                            "ingress.964595258.security_groups.2809964011": "sg-6d15c00b",
                            "ingress.964595258.self": "false",
                            "ingress.964595258.to_port": "9003",
                            "name": "priSecGroupAtlassian",
                            "owner_id": "702440161528",
                            "tags.%": "1",
                            "tags.Name": "priSecGroupAtlassian",
                            "vpc_id": "vpc-e2107f86"
                        },
                        "meta": {},
                        "tainted": false
                    },
                    "deposed": [],
                    "provider": ""
                },
                "aws_security_group.pubSecGroupAtlassian": {
                    "type": "aws_security_group",
                    "depends_on": [],
                    "primary": {
                        "id": "sg-6d15c00b",
                        "attributes": {
                            "description": "pubSecGroupAtlassian",
                            "egress.#": "1",
                            "egress.482069346.cidr_blocks.#": "1",
                            "egress.482069346.cidr_blocks.0": "0.0.0.0/0",
                            "egress.482069346.from_port": "0",
                            "egress.482069346.prefix_list_ids.#": "0",
                            "egress.482069346.protocol": "-1",
                            "egress.482069346.security_groups.#": "0",
                            "egress.482069346.self": "false",
                            "egress.482069346.to_port": "0",
                            "id": "sg-6d15c00b",
                            "ingress.#": "4",
                            "ingress.2214680975.cidr_blocks.#": "1",
                            "ingress.2214680975.cidr_blocks.0": "0.0.0.0/0",
                            "ingress.2214680975.from_port": "80",
                            "ingress.2214680975.protocol": "tcp",
                            "ingress.2214680975.security_groups.#": "0",
                            "ingress.2214680975.self": "false",
                            "ingress.2214680975.to_port": "80",
                            "ingress.2541437006.cidr_blocks.#": "1",
                            "ingress.2541437006.cidr_blocks.0": "0.0.0.0/0",
                            "ingress.2541437006.from_port": "22",
                            "ingress.2541437006.protocol": "tcp",
                            "ingress.2541437006.security_groups.#": "0",
                            "ingress.2541437006.self": "false",
                            "ingress.2541437006.to_port": "22",
                            "ingress.2617001939.cidr_blocks.#": "1",
                            "ingress.2617001939.cidr_blocks.0": "0.0.0.0/0",
                            "ingress.2617001939.from_port": "443",
                            "ingress.2617001939.protocol": "tcp",
                            "ingress.2617001939.security_groups.#": "0",
                            "ingress.2617001939.self": "false",
                            "ingress.2617001939.to_port": "443",
                            "ingress.516175195.cidr_blocks.#": "1",
                            "ingress.516175195.cidr_blocks.0": "0.0.0.0/0",
                            "ingress.516175195.from_port": "8080",
                            "ingress.516175195.protocol": "tcp",
                            "ingress.516175195.security_groups.#": "0",
                            "ingress.516175195.self": "false",
                            "ingress.516175195.to_port": "8080",
                            "name": "pubSecGroupAtlassian",
                            "owner_id": "702440161528",
                            "tags.%": "1",
                            "tags.Name": "pubSecGroupAtlassian",
                            "vpc_id": "vpc-e2107f86"
                        },
                        "meta": {},
                        "tainted": false
                    },
                    "deposed": [],
                    "provider": ""
                }
            },
            "depends_on": []
        },
        {
            "path": [
                "root",
                "subnets"
            ],
            "outputs": {
                "private_subnet_zone_a_id": {
                    "sensitive": false,
                    "type": "string",
                    "value": "subnet-0285c566"
                },
                "private_subnet_zone_b_id": {
                    "sensitive": false,
                    "type": "string",
                    "value": "subnet-98f58bee"
                },
                "private_subnet_zone_c_id": {
                    "sensitive": false,
                    "type": "string",
                    "value": "subnet-5c6cee04"
                },
                "public_subnet_zone_a_id": {
                    "sensitive": false,
                    "type": "string",
                    "value": "subnet-0185c565"
                },
                "public_subnet_zone_b_id": {
                    "sensitive": false,
                    "type": "string",
                    "value": "subnet-9bf58bed"
                },
                "public_subnet_zone_c_id": {
                    "sensitive": false,
                    "type": "string",
                    "value": "subnet-5b6cee03"
                }
            },
            "resources": {
                "aws_subnet.private_subnet_zone_a": {
                    "type": "aws_subnet",
                    "depends_on": [],
                    "primary": {
                        "id": "subnet-0285c566",
                        "attributes": {
                            "availability_zone": "eu-west-1a",
                            "cidr_block": "10.0.4.0/24",
                            "id": "subnet-0285c566",
                            "map_public_ip_on_launch": "false",
                            "tags.%": "1",
                            "tags.Name": "priSubAtlassianZoneA",
                            "vpc_id": "vpc-e2107f86"
                        },
                        "meta": {},
                        "tainted": false
                    },
                    "deposed": [],
                    "provider": ""
                },
                "aws_subnet.private_subnet_zone_b": {
                    "type": "aws_subnet",
                    "depends_on": [],
                    "primary": {
                        "id": "subnet-98f58bee",
                        "attributes": {
                            "availability_zone": "eu-west-1b",
                            "cidr_block": "10.0.5.0/24",
                            "id": "subnet-98f58bee",
                            "map_public_ip_on_launch": "false",
                            "tags.%": "1",
                            "tags.Name": "priSubAtlassianZoneB",
                            "vpc_id": "vpc-e2107f86"
                        },
                        "meta": {},
                        "tainted": false
                    },
                    "deposed": [],
                    "provider": ""
                },
                "aws_subnet.private_subnet_zone_c": {
                    "type": "aws_subnet",
                    "depends_on": [],
                    "primary": {
                        "id": "subnet-5c6cee04",
                        "attributes": {
                            "availability_zone": "eu-west-1c",
                            "cidr_block": "10.0.6.0/24",
                            "id": "subnet-5c6cee04",
                            "map_public_ip_on_launch": "false",
                            "tags.%": "1",
                            "tags.Name": "priSubAtlassianZoneC",
                            "vpc_id": "vpc-e2107f86"
                        },
                        "meta": {},
                        "tainted": false
                    },
                    "deposed": [],
                    "provider": ""
                },
                "aws_subnet.public_subnet_zone_a": {
                    "type": "aws_subnet",
                    "depends_on": [],
                    "primary": {
                        "id": "subnet-0185c565",
                        "attributes": {
                            "availability_zone": "eu-west-1a",
                            "cidr_block": "10.0.1.0/24",
                            "id": "subnet-0185c565",
                            "map_public_ip_on_launch": "false",
                            "tags.%": "1",
                            "tags.Name": "pubSubAtlassianZoneA",
                            "vpc_id": "vpc-e2107f86"
                        },
                        "meta": {},
                        "tainted": false
                    },
                    "deposed": [],
                    "provider": ""
                },
                "aws_subnet.public_subnet_zone_b": {
                    "type": "aws_subnet",
                    "depends_on": [],
                    "primary": {
                        "id": "subnet-9bf58bed",
                        "attributes": {
                            "availability_zone": "eu-west-1b",
                            "cidr_block": "10.0.2.0/24",
                            "id": "subnet-9bf58bed",
                            "map_public_ip_on_launch": "false",
                            "tags.%": "1",
                            "tags.Name": "pubSubAtlassianZoneB",
                            "vpc_id": "vpc-e2107f86"
                        },
                        "meta": {},
                        "tainted": false
                    },
                    "deposed": [],
                    "provider": ""
                },
                "aws_subnet.public_subnet_zone_c": {
                    "type": "aws_subnet",
                    "depends_on": [],
                    "primary": {
                        "id": "subnet-5b6cee03",
                        "attributes": {
                            "availability_zone": "eu-west-1c",
                            "cidr_block": "10.0.3.0/24",
                            "id": "subnet-5b6cee03",
                            "map_public_ip_on_launch": "false",
                            "tags.%": "1",
                            "tags.Name": "pubSubAtlassianZoneC",
                            "vpc_id": "vpc-e2107f86"
                        },
                        "meta": {},
                        "tainted": false
                    },
                    "deposed": [],
                    "provider": ""
                }
            },
            "depends_on": []
        },
        {
            "path": [
                "root",
                "vpc"
            ],
            "outputs": {
                "vpc_id": {
                    "sensitive": false,
                    "type": "string",
                    "value": "vpc-e2107f86"
                }
            },
            "resources": {
                "aws_internet_gateway.atlassian": {
                    "type": "aws_internet_gateway",
                    "depends_on": [
                        "aws_vpc.atlassian"
                    ],
                    "primary": {
                        "id": "igw-47618923",
                        "attributes": {
                            "id": "igw-47618923",
                            "tags.%": "1",
                            "tags.Name": "igwAtlassian",
                            "vpc_id": "vpc-e2107f86"
                        },
                        "meta": {},
                        "tainted": false
                    },
                    "deposed": [],
                    "provider": ""
                },
                "aws_network_acl.atlassian": {
                    "type": "aws_network_acl",
                    "depends_on": [
                        "aws_vpc.atlassian"
                    ],
                    "primary": {
                        "id": "acl-26795c42",
                        "attributes": {
                            "egress.#": "1",
                            "egress.296684381.action": "allow",
                            "egress.296684381.cidr_block": "0.0.0.0/0",
                            "egress.296684381.from_port": "0",
                            "egress.296684381.icmp_code": "0",
                            "egress.296684381.icmp_type": "0",
                            "egress.296684381.protocol": "-1",
                            "egress.296684381.rule_no": "100",
                            "egress.296684381.to_port": "0",
                            "id": "acl-26795c42",
                            "ingress.#": "1",
                            "ingress.296684381.action": "allow",
                            "ingress.296684381.cidr_block": "0.0.0.0/0",
                            "ingress.296684381.from_port": "0",
                            "ingress.296684381.icmp_code": "0",
                            "ingress.296684381.icmp_type": "0",
                            "ingress.296684381.protocol": "-1",
                            "ingress.296684381.rule_no": "100",
                            "ingress.296684381.to_port": "0",
                            "subnet_ids.#": "3",
                            "subnet_ids.1403679890": "subnet-5b6cee03",
                            "subnet_ids.1925226776": "subnet-0185c565",
                            "subnet_ids.2972975101": "subnet-9bf58bed",
                            "tags.%": "1",
                            "tags.Name": "naclAtlassian",
                            "vpc_id": "vpc-e2107f86"
                        },
                        "meta": {},
                        "tainted": false
                    },
                    "deposed": [],
                    "provider": ""
                },
                "aws_route_table.atlassian": {
                    "type": "aws_route_table",
                    "depends_on": [
                        "aws_internet_gateway.atlassian",
                        "aws_vpc.atlassian"
                    ],
                    "primary": {
                        "id": "rtb-bc9fa8d8",
                        "attributes": {
                            "id": "rtb-bc9fa8d8",
                            "propagating_vgws.#": "0",
                            "route.#": "1",
                            "route.1432596606.cidr_block": "0.0.0.0/0",
                            "route.1432596606.gateway_id": "igw-47618923",
                            "route.1432596606.instance_id": "",
                            "route.1432596606.nat_gateway_id": "",
                            "route.1432596606.network_interface_id": "",
                            "route.1432596606.vpc_peering_connection_id": "",
                            "tags.%": "1",
                            "tags.Name": "rtbAtlassian",
                            "vpc_id": "vpc-e2107f86"
                        },
                        "meta": {},
                        "tainted": false
                    },
                    "deposed": [],
                    "provider": ""
                },
                "aws_route_table_association.priZoneA": {
                    "type": "aws_route_table_association",
                    "depends_on": [
                        "aws_network_acl.atlassian",
                        "aws_route_table.atlassian"
                    ],
                    "primary": {
                        "id": "rtbassoc-d61581b1",
                        "attributes": {
                            "id": "rtbassoc-d61581b1",
                            "route_table_id": "rtb-bc9fa8d8",
                            "subnet_id": "subnet-0285c566"
                        },
                        "meta": {},
                        "tainted": false
                    },
                    "deposed": [],
                    "provider": ""
                },
                "aws_route_table_association.priZoneB": {
                    "type": "aws_route_table_association",
                    "depends_on": [
                        "aws_network_acl.atlassian",
                        "aws_route_table.atlassian"
                    ],
                    "primary": {
                        "id": "rtbassoc-c91581ae",
                        "attributes": {
                            "id": "rtbassoc-c91581ae",
                            "route_table_id": "rtb-bc9fa8d8",
                            "subnet_id": "subnet-98f58bee"
                        },
                        "meta": {},
                        "tainted": false
                    },
                    "deposed": [],
                    "provider": ""
                },
                "aws_route_table_association.priZoneC": {
                    "type": "aws_route_table_association",
                    "depends_on": [
                        "aws_network_acl.atlassian",
                        "aws_route_table.atlassian"
                    ],
                    "primary": {
                        "id": "rtbassoc-d41581b3",
                        "attributes": {
                            "id": "rtbassoc-d41581b3",
                            "route_table_id": "rtb-bc9fa8d8",
                            "subnet_id": "subnet-5c6cee04"
                        },
                        "meta": {},
                        "tainted": false
                    },
                    "deposed": [],
                    "provider": ""
                },
                "aws_route_table_association.pubZoneA": {
                    "type": "aws_route_table_association",
                    "depends_on": [
                        "aws_network_acl.atlassian",
                        "aws_route_table.atlassian"
                    ],
                    "primary": {
                        "id": "rtbassoc-d51581b2",
                        "attributes": {
                            "id": "rtbassoc-d51581b2",
                            "route_table_id": "rtb-bc9fa8d8",
                            "subnet_id": "subnet-0185c565"
                        },
                        "meta": {},
                        "tainted": false
                    },
                    "deposed": [],
                    "provider": ""
                },
                "aws_route_table_association.pubZoneB": {
                    "type": "aws_route_table_association",
                    "depends_on": [
                        "aws_network_acl.atlassian",
                        "aws_route_table.atlassian"
                    ],
                    "primary": {
                        "id": "rtbassoc-d71581b0",
                        "attributes": {
                            "id": "rtbassoc-d71581b0",
                            "route_table_id": "rtb-bc9fa8d8",
                            "subnet_id": "subnet-9bf58bed"
                        },
                        "meta": {},
                        "tainted": false
                    },
                    "deposed": [],
                    "provider": ""
                },
                "aws_route_table_association.pubZoneC": {
                    "type": "aws_route_table_association",
                    "depends_on": [
                        "aws_network_acl.atlassian",
                        "aws_route_table.atlassian"
                    ],
                    "primary": {
                        "id": "rtbassoc-c81581af",
                        "attributes": {
                            "id": "rtbassoc-c81581af",
                            "route_table_id": "rtb-bc9fa8d8",
                            "subnet_id": "subnet-5b6cee03"
                        },
                        "meta": {},
                        "tainted": false
                    },
                    "deposed": [],
                    "provider": ""
                },
                "aws_vpc.atlassian": {
                    "type": "aws_vpc",
                    "depends_on": [],
                    "primary": {
                        "id": "vpc-e2107f86",
                        "attributes": {
                            "cidr_block": "10.0.0.0/16",
                            "default_network_acl_id": "acl-5c795c38",
                            "default_route_table_id": "rtb-af9fa8cb",
                            "default_security_group_id": "sg-9aea3ffc",
                            "dhcp_options_id": "dopt-5d37d738",
                            "enable_classiclink": "false",
                            "enable_dns_hostnames": "true",
                            "enable_dns_support": "true",
                            "id": "vpc-e2107f86",
                            "instance_tenancy": "default",
                            "main_route_table_id": "rtb-af9fa8cb",
                            "tags.%": "1",
                            "tags.Name": "vpcAtlassian"
                        },
                        "meta": {},
                        "tainted": false
                    },
                    "deposed": [],
                    "provider": ""
                }
            },
            "depends_on": []
        }
    ]
}
